<?xml version="1.0" encoding="utf-8"?>
<Project ToolsVersion="4.0" xmlns="http://schemas.microsoft.com/developer/msbuild/2003">
  <ItemGroup>
    <Filter Include="Source Files">
      <UniqueIdentifier>{4FC737F1-C7A5-4376-A066-2A32D752A2FF}</UniqueIdentifier>
      <Extensions>cpp;c;cc;cxx;def;odl;idl;hpj;bat;asm;asmx</Extensions>
    </Filter>
    <Filter Include="Header Files">
      <UniqueIdentifier>{93995380-89BD-4b04-88EB-625FBE52EBFB}</UniqueIdentifier>
      <Extensions>h;hh;hpp;hxx;hm;inl;inc;xsd</Extensions>
    </Filter>
    <Filter Include="Resource Files">
      <UniqueIdentifier>{67DA6AB6-F800-4c08-8B7A-83BB121AAD01}</UniqueIdentifier>
      <Extensions>rc;ico;cur;bmp;dlg;rc2;rct;bin;rgs;gif;jpg;jpeg;jpe;resx;tiff;tif;png;wav;mfcribbon-ms</Extensions>
    </Filter>
    <Filter Include="Header Files\Commands">
      <UniqueIdentifier>{53c174f4-d1ea-40c5-9ef4-976dc3289441}</UniqueIdentifier>
    </Filter>
    <Filter Include="Source Files\Commands">
      <UniqueIdentifier>{22989c57-f161-46c1-897d-f23f4ef087f8}</UniqueIdentifier>
    </Filter>
    <Filter Include="Header Files\Commands\Enums">
      <UniqueIdentifier>{bad919a9-e698-40d1-af18-3c09b9d5e446}</UniqueIdentifier>
    </Filter>
  </ItemGroup>
  <ItemGroup>
    <None Include="ESP8266_Controller.ino" />
  </ItemGroup>
  <ItemGroup>
    <ClInclude Include="__vm\.ESP8266_Controller.vsarduino.h">
      <Filter>Header Files</Filter>
    </ClInclude>
    <ClInclude Include="ApiHandler.h">
      <Filter>Header Files</Filter>
    </ClInclude>
    <ClInclude Include="Secrets.h">
      <Filter>Header Files</Filter>
    </ClInclude>
    <ClInclude Include="SerialHandler.h">
      <Filter>Header Files</Filter>
    </ClInclude>
    <ClInclude Include="Action.h">
      <Filter>Header Files</Filter>
    </ClInclude>
    <ClInclude Include="CommandDetails.h">
      <Filter>Header Files\Commands</Filter>
    </ClInclude>
    <ClInclude Include="CommandParser.h">
      <Filter>Header Files\Commands</Filter>
    </ClInclude>
    <ClInclude Include="ActionType.h">
      <Filter>Header Files\Commands\Enums</Filter>
    </ClInclude>
    <ClInclude Include="EnvironmentalVariables.h">
      <Filter>Header Files</Filter>
    </ClInclude>
    <ClInclude Include="EepromHandler.h">
      <Filter>Header Files</Filter>
    </ClInclude>
  </ItemGroup>
  <ItemGroup>
    <ClCompile Include="ApiHandler.cpp">
      <Filter>Source Files</Filter>
    </ClCompile>
    <ClCompile Include="SerialHandler.cpp">
      <Filter>Source Files</Filter>
    </ClCompile>
    <ClCompile Include="Action.cpp">
      <Filter>Source Files</Filter>
    </ClCompile>
    <ClCompile Include="CommandDetails.cpp">
      <Filter>Source Files\Commands</Filter>
    </ClCompile>
    <ClCompile Include="CommandParser.cpp">
      <Filter>Source Files\Commands</Filter>
    </ClCompile>
    <ClCompile Include="CommandDescriptions.h">
      <Filter>Header Files\Commands</Filter>
    </ClCompile>
    <ClCompile Include="EepromHandler.cpp">
      <Filter>Source Files</Filter>
    </ClCompile>
  </ItemGroup>
</Project>